{
  "name": "ippapp",
  "version": "1.0.0",
  "lockfileVersion": 1,
  "requires": true,
  "dependencies": {
    "jsts": {
      "version": "1.4.0",
      "resolved": "https://registry.npmjs.org/jsts/-/jsts-1.4.0.tgz",
      "integrity": "sha1-EKwIEBTaib0WnBI3i8/3AsrPZdQ="
    },
    "leaflet": {
      "version": "1.2.0",
      "resolved": "https://registry.npmjs.org/leaflet/-/leaflet-1.2.0.tgz",
      "integrity": "sha512-Bold8phAE6WcRsuwhofrQ7cOK1REFHaYIkKuj7+TBYK3ONKRpGGIb5oXR5akYotFnrWN0TWKh6Svlhflm3dogg=="
    },
    "leaflet-buffer": {
      "version": "0.3.0",
      "resolved": "https://registry.npmjs.org/leaflet-buffer/-/leaflet-buffer-0.3.0.tgz",
      "integrity": "sha512-bo/QqlIvjR/wQlvsOlfuWnvu9EmZg7D7/fOdwVCYn0QOBYMKpfukO5ipiwY/dC2s12ywBjz8kx2RIKVzEWxLKQ==",
      "requires": {
        "jsts": "1.4.0"
      }
    },
    "leaflet-draw": {
      "version": "0.4.12",
      "resolved": "https://registry.npmjs.org/leaflet-draw/-/leaflet-draw-0.4.12.tgz",
      "integrity": "sha512-vvgJo9jt54ETssDZKni1hue3INU/yf/zJ6ewAshScQRLaLWQ10mWeZVtPkhk8KmxWffeOQk6keN0QoB/0W56hg=="
    }
  }
}
